
Microsoft Visual Studio Solution File, Format Version 12.00
# Visual Studio Version 17
VisualStudioVersion = 17.7.34031.279
MinimumVisualStudioVersion = 10.0.40219.1
Project("{FAE04EC0-301F-11D3-BF4B-00C04F79EFBC}") = "EmailAttachmentsCaptor.NET", "EmailAttachmentsCaptor.NET\EmailAttachmentsCaptor.NET.csproj", "{E5AC082B-8C0A-4B8D-99D6-E93BFD69A7D6}"
EndProject
Global
	GlobalSection(SolutionConfigurationPlatforms) = preSolution
		Debug|Any CPU = Debug|Any CPU
		Release|Any CPU = Release|Any CPU
	EndGlobalSection
	GlobalSection(ProjectConfigurationPlatforms) = postSolution
		{E5AC082B-8C0A-4B8D-99D6-E93BFD69A7D6}.Debug|Any CPU.ActiveCfg = Debug|Any CPU
		{E5AC082B-8C0A-4B8D-99D6-E93BFD69A7D6}.Debug|Any CPU.Build.0 = Debug|Any CPU
		{E5AC082B-8C0A-4B8D-99D6-E93BFD69A7D6}.Release|Any CPU.ActiveCfg = Release|Any CPU
		{E5AC082B-8C0A-4B8D-99D6-E93BFD69A7D6}.Release|Any CPU.Build.0 = Release|Any CPU
	EndGlobalSection
	GlobalSection(SolutionProperties) = preSolution
		HideSolutionNode = FALSE
	EndGlobalSection
	GlobalSection(ExtensibilityGlobals) = postSolution
		SolutionGuid = {901CEA3F-8A72-4C64-B8FD-822A1129576F}
	EndGlobalSection
EndGlobal
